Microsoft Visual Studio Solution File, Format Version 12.00
# Visual Studio Version 17
VisualStudioVersion = 17.5.2.0
MinimumVisualStudioVersion = 10.0.40219.1
Project("{FAE04EC0-301F-11D3-BF4B-00C04F79EFBC}") = "MicroservicioCitas", "MicroservicioCitas.csproj", "{BA53A874-C324-F145-6BC6-37DEBF3C6ED1}"
EndProject
Global
	GlobalSection(SolutionConfigurationPlatforms) = preSolution
		Debug|Any CPU = Debug|Any CPU
		Release|Any CPU = Release|Any CPU
	EndGlobalSection
	GlobalSection(ProjectConfigurationPlatforms) = postSolution
		{BA53A874-C324-F145-6BC6-37DEBF3C6ED1}.Debug|Any CPU.ActiveCfg = Debug|Any CPU
		{BA53A874-C324-F145-6BC6-37DEBF3C6ED1}.Debug|Any CPU.Build.0 = Debug|Any CPU
		{BA53A874-C324-F145-6BC6-37DEBF3C6ED1}.Release|Any CPU.ActiveCfg = Release|Any CPU
		{BA53A874-C324-F145-6BC6-37DEBF3C6ED1}.Release|Any CPU.Build.0 = Release|Any CPU
	EndGlobalSection
	GlobalSection(SolutionProperties) = preSolution
		HideSolutionNode = FALSE
	EndGlobalSection
	GlobalSection(ExtensibilityGlobals) = postSolution
		SolutionGuid = {F9120E24-B766-40EC-82DF-954A7C8D6077}
	EndGlobalSection
EndGlobal
